// !$*UTF8*$!
{
	archiveVersion = 1;
	classes = {
	};
	objectVersion = 56;
	objects = {

/* Begin PBXBuildFile section */
		4ED37765F2C35A32B1F9C797 /* Pods_OneSignalNotificationServiceExtension.framework in Frameworks */ = {isa = PBXBuildFile; fileRef = F45F4E3BEB20BC1E7DD6A7A4 /* Pods_OneSignalNotificationServiceExtension.framework */; };
		7501246B294367E6006173E2 /* LoginViewController.swift in Sources */ = {isa = PBXBuildFile; fileRef = 7501246A294367E6006173E2 /* LoginViewController.swift */; };
		750A8DAA293500AB005C7A8C /* lottie.json in Resources */ = {isa = PBXBuildFile; fileRef = 750A8DA9293500AB005C7A8C /* lottie.json */; };
		750A8DAD29350FCC005C7A8C /* MainModels.swift in Sources */ = {isa = PBXBuildFile; fileRef = 750A8DAC29350FCC005C7A8C /* MainModels.swift */; };
		750A8DB029351995005C7A8C /* MainTableViewCell.swift in Sources */ = {isa = PBXBuildFile; fileRef = 750A8DAF29351995005C7A8C /* MainTableViewCell.swift */; };
		7524BBE3293113D800006CE6 /* AppDelegate.swift in Sources */ = {isa = PBXBuildFile; fileRef = 7524BBE2293113D800006CE6 /* AppDelegate.swift */; };
		7524BBE5293113D800006CE6 /* SceneDelegate.swift in Sources */ = {isa = PBXBuildFile; fileRef = 7524BBE4293113D800006CE6 /* SceneDelegate.swift */; };
		7524BBEA293113D800006CE6 /* Main.storyboard in Resources */ = {isa = PBXBuildFile; fileRef = 7524BBE8293113D800006CE6 /* Main.storyboard */; };
		7524BBED293113D800006CE6 /* DisFircalamaHatirlaticisi.xcdatamodeld in Sources */ = {isa = PBXBuildFile; fileRef = 7524BBEB293113D800006CE6 /* DisFircalamaHatirlaticisi.xcdatamodeld */; };
		7524BBEF293113D900006CE6 /* Assets.xcassets in Resources */ = {isa = PBXBuildFile; fileRef = 7524BBEE293113D900006CE6 /* Assets.xcassets */; };
		7524BBF2293113D900006CE6 /* LaunchScreen.storyboard in Resources */ = {isa = PBXBuildFile; fileRef = 7524BBF0293113D900006CE6 /* LaunchScreen.storyboard */; };
		7524BBFE29311BC000006CE6 /* GoogleService-Info.plist in Resources */ = {isa = PBXBuildFile; fileRef = 7524BBFD29311BC000006CE6 /* GoogleService-Info.plist */; };
		7538F08C29312E1C00EA5E4E /* NotificationService.swift in Sources */ = {isa = PBXBuildFile; fileRef = 7538F08B29312E1C00EA5E4E /* NotificationService.swift */; };
		7538F09029312E1C00EA5E4E /* OneSignalNotificationServiceExtension.appex in Embed Foundation Extensions */ = {isa = PBXBuildFile; fileRef = 7538F08929312E1C00EA5E4E /* OneSignalNotificationServiceExtension.appex */; settings = {ATTRIBUTES = (RemoveHeadersOnCopy, ); }; };
		7547576C2938D47D001F5C95 /* done.json in Resources */ = {isa = PBXBuildFile; fileRef = 7547576B2938D47D001F5C95 /* done.json */; };
		7547576F29390707001F5C95 /* Details.swift in Sources */ = {isa = PBXBuildFile; fileRef = 7547576E29390707001F5C95 /* Details.swift */; };
		7547577A29396608001F5C95 /* 4.json in Resources */ = {isa = PBXBuildFile; fileRef = 7547577229396608001F5C95 /* 4.json */; };
		7547577B29396608001F5C95 /* 7.json in Resources */ = {isa = PBXBuildFile; fileRef = 7547577329396608001F5C95 /* 7.json */; };
		7547577C29396608001F5C95 /* 2.json in Resources */ = {isa = PBXBuildFile; fileRef = 7547577429396608001F5C95 /* 2.json */; };
		7547577D29396608001F5C95 /* 3.json in Resources */ = {isa = PBXBuildFile; fileRef = 7547577529396608001F5C95 /* 3.json */; };
		7547577E29396608001F5C95 /* 6.json in Resources */ = {isa = PBXBuildFile; fileRef = 7547577629396608001F5C95 /* 6.json */; };
		7547577F29396608001F5C95 /* 9.json in Resources */ = {isa = PBXBuildFile; fileRef = 7547577729396608001F5C95 /* 9.json */; };
		7547578029396608001F5C95 /* 5.json in Resources */ = {isa = PBXBuildFile; fileRef = 7547577829396608001F5C95 /* 5.json */; };
		7547578129396608001F5C95 /* 8.json in Resources */ = {isa = PBXBuildFile; fileRef = 7547577929396608001F5C95 /* 8.json */; };
		75498E22294B89A30022E8E5 /* 32.json in Resources */ = {isa = PBXBuildFile; fileRef = 75498E1D294B89A20022E8E5 /* 32.json */; };
		75498E23294B89A30022E8E5 /* 30.json in Resources */ = {isa = PBXBuildFile; fileRef = 75498E1E294B89A30022E8E5 /* 30.json */; };
		75498E24294B89A30022E8E5 /* 34.json in Resources */ = {isa = PBXBuildFile; fileRef = 75498E1F294B89A30022E8E5 /* 34.json */; };
		75498E25294B89A30022E8E5 /* 31.json in Resources */ = {isa = PBXBuildFile; fileRef = 75498E20294B89A30022E8E5 /* 31.json */; };
		75498E26294B89A30022E8E5 /* 33.json in Resources */ = {isa = PBXBuildFile; fileRef = 75498E21294B89A30022E8E5 /* 33.json */; };
		756E37AB2947D733009D2BED /* time.json in Resources */ = {isa = PBXBuildFile; fileRef = 756E37AA2947D733009D2BED /* time.json */; };
		756E37AD2947D764009D2BED /* bomb.json in Resources */ = {isa = PBXBuildFile; fileRef = 756E37AC2947D764009D2BED /* bomb.json */; };
		757F9F4B29449B0900330398 /* SignInViewController.swift in Sources */ = {isa = PBXBuildFile; fileRef = 757F9F4A29449B0900330398 /* SignInViewController.swift */; };
		757F9F4D2944A15500330398 /* sign.json in Resources */ = {isa = PBXBuildFile; fileRef = 757F9F4C2944A15500330398 /* sign.json */; };
		7589EF1B29339428000B2B5A /* MainViewController.swift in Sources */ = {isa = PBXBuildFile; fileRef = 7589EF1A29339428000B2B5A /* MainViewController.swift */; };
		759640162937EACD003C909B /* DetailViewController.swift in Sources */ = {isa = PBXBuildFile; fileRef = 759640152937EACD003C909B /* DetailViewController.swift */; };
		7597FEB92945E43200375A5F /* ProfileViewController.swift in Sources */ = {isa = PBXBuildFile; fileRef = 7597FEB82945E43200375A5F /* ProfileViewController.swift */; };
		7598F895294CA5D300193C1A /* ses.mp3 in Resources */ = {isa = PBXBuildFile; fileRef = 7598F894294CA5D300193C1A /* ses.mp3 */; };
		75A23AB629326BAB00D6A1D1 /* OnboardingModel.swift in Sources */ = {isa = PBXBuildFile; fileRef = 75A23AB529326BAB00D6A1D1 /* OnboardingModel.swift */; };
		75A23ABC29327D5400D6A1D1 /* OnboardingCollectionViewCell.swift in Sources */ = {isa = PBXBuildFile; fileRef = 75A23ABA29327D2C00D6A1D1 /* OnboardingCollectionViewCell.swift */; };
		75BD2C472948E75900950B47 /* 11.json in Resources */ = {isa = PBXBuildFile; fileRef = 75BD2C362948E75800950B47 /* 11.json */; };
		75BD2C482948E75900950B47 /* 14.json in Resources */ = {isa = PBXBuildFile; fileRef = 75BD2C372948E75800950B47 /* 14.json */; };
		75BD2C492948E75900950B47 /* 19.json in Resources */ = {isa = PBXBuildFile; fileRef = 75BD2C382948E75800950B47 /* 19.json */; };
		75BD2C4A2948E75900950B47 /* 16.json in Resources */ = {isa = PBXBuildFile; fileRef = 75BD2C392948E75800950B47 /* 16.json */; };
		75BD2C4B2948E75900950B47 /* 12.json in Resources */ = {isa = PBXBuildFile; fileRef = 75BD2C3A2948E75800950B47 /* 12.json */; };
		75BD2C4D2948E75900950B47 /* 21.json in Resources */ = {isa = PBXBuildFile; fileRef = 75BD2C3C2948E75800950B47 /* 21.json */; };
		75BD2C4E2948E75900950B47 /* 10.json in Resources */ = {isa = PBXBuildFile; fileRef = 75BD2C3D2948E75800950B47 /* 10.json */; };
		75BD2C4F2948E75900950B47 /* 17.json in Resources */ = {isa = PBXBuildFile; fileRef = 75BD2C3E2948E75900950B47 /* 17.json */; };
		75BD2C502948E75900950B47 /* 25.json in Resources */ = {isa = PBXBuildFile; fileRef = 75BD2C3F2948E75900950B47 /* 25.json */; };
		75BD2C512948E75900950B47 /* 18.json in Resources */ = {isa = PBXBuildFile; fileRef = 75BD2C402948E75900950B47 /* 18.json */; };
		75BD2C522948E75900950B47 /* 20.json in Resources */ = {isa = PBXBuildFile; fileRef = 75BD2C412948E75900950B47 /* 20.json */; };
		75BD2C532948E75900950B47 /* 22.json in Resources */ = {isa = PBXBuildFile; fileRef = 75BD2C422948E75900950B47 /* 22.json */; };
		75BD2C542948E75900950B47 /* 13.json in Resources */ = {isa = PBXBuildFile; fileRef = 75BD2C432948E75900950B47 /* 13.json */; };
		75BD2C552948E75900950B47 /* 23.json in Resources */ = {isa = PBXBuildFile; fileRef = 75BD2C442948E75900950B47 /* 23.json */; };
		75BD2C562948E75900950B47 /* 24.json in Resources */ = {isa = PBXBuildFile; fileRef = 75BD2C452948E75900950B47 /* 24.json */; };
		75BD2C572948E75900950B47 /* 15.json in Resources */ = {isa = PBXBuildFile; fileRef = 75BD2C462948E75900950B47 /* 15.json */; };
		75BD2C5D2948F2D500950B47 /* 28.json in Resources */ = {isa = PBXBuildFile; fileRef = 75BD2C582948F2D400950B47 /* 28.json */; };
		75BD2C5E2948F2D500950B47 /* 26.json in Resources */ = {isa = PBXBuildFile; fileRef = 75BD2C592948F2D400950B47 /* 26.json */; };
		75BD2C602948F2D500950B47 /* 29.json in Resources */ = {isa = PBXBuildFile; fileRef = 75BD2C5B2948F2D400950B47 /* 29.json */; };
		75BD2C612948F2D500950B47 /* 27.json in Resources */ = {isa = PBXBuildFile; fileRef = 75BD2C5C2948F2D500950B47 /* 27.json */; };
		75D99FAF29324D8F00CDDAE9 /* OnboardingViewController.swift in Sources */ = {isa = PBXBuildFile; fileRef = 75D99FAE29324D8F00CDDAE9 /* OnboardingViewController.swift */; };
		75D99FB2293268D500CDDAE9 /* UIViewExtension.swift in Sources */ = {isa = PBXBuildFile; fileRef = 75D99FB1293268D500CDDAE9 /* UIViewExtension.swift */; };
		75DF91C2294370BA0020240C /* stars.json in Resources */ = {isa = PBXBuildFile; fileRef = 75DF91C1294370BA0020240C /* stars.json */; };
		75DF91C4294372910020240C /* login.json in Resources */ = {isa = PBXBuildFile; fileRef = 75DF91C3294372910020240C /* login.json */; };
		75E3A2EF29363BD400865166 /* tooth1.json in Resources */ = {isa = PBXBuildFile; fileRef = 75E3A2EE29363BD400865166 /* tooth1.json */; };
		9316E3ED0C16AF746B5D9D11 /* Pods_DisFircalamaHatirlaticisi.framework in Frameworks */ = {isa = PBXBuildFile; fileRef = 6083290510E55A5A48DD97EB /* Pods_DisFircalamaHatirlaticisi.framework */; };
/* End PBXBuildFile section */

/* Begin PBXContainerItemProxy section */
		7538F08E29312E1C00EA5E4E /* PBXContainerItemProxy */ = {
			isa = PBXContainerItemProxy;
			containerPortal = 7524BBD7293113D800006CE6 /* Project object */;
			proxyType = 1;
			remoteGlobalIDString = 7538F08829312E1C00EA5E4E;
			remoteInfo = OneSignalNotificationServiceExtension;
		};
/* End PBXContainerItemProxy section */

/* Begin PBXCopyFilesBuildPhase section */
		7538F09129312E1C00EA5E4E /* Embed Foundation Extensions */ = {
			isa = PBXCopyFilesBuildPhase;
			buildActionMask = 2147483647;
			dstPath = "";
			dstSubfolderSpec = 13;
			files = (
				7538F09029312E1C00EA5E4E /* OneSignalNotificationServiceExtension.appex in Embed Foundation Extensions */,
			);
			name = "Embed Foundation Extensions";
			runOnlyForDeploymentPostprocessing = 0;
		};
/* End PBXCopyFilesBuildPhase section */

/* Begin PBXFileReference section */
		4049617841542EF1D6522093 /* Pods-OneSignalNotificationServiceExtension.debug.xcconfig */ = {isa = PBXFileReference; includeInIndex = 1; lastKnownFileType = text.xcconfig; name = "Pods-OneSignalNotificationServiceExtension.debug.xcconfig"; path = "Target Support Files/Pods-OneSignalNotificationServiceExtension/Pods-OneSignalNotificationServiceExtension.debug.xcconfig"; sourceTree = "<group>"; };
		58ECDF0420B79B8532D871CF /* Pods-OneSignalNotificationServiceExtension.release.xcconfig */ = {isa = PBXFileReference; includeInIndex = 1; lastKnownFileType = text.xcconfig; name = "Pods-OneSignalNotificationServiceExtension.release.xcconfig"; path = "Target Support Files/Pods-OneSignalNotificationServiceExtension/Pods-OneSignalNotificationServiceExtension.release.xcconfig"; sourceTree = "<group>"; };
		6083290510E55A5A48DD97EB /* Pods_DisFircalamaHatirlaticisi.framework */ = {isa = PBXFileReference; explicitFileType = wrapper.framework; includeInIndex = 0; path = Pods_DisFircalamaHatirlaticisi.framework; sourceTree = BUILT_PRODUCTS_DIR; };
		7501246A294367E6006173E2 /* LoginViewController.swift */ = {isa = PBXFileReference; lastKnownFileType = sourcecode.swift; path = LoginViewController.swift; sourceTree = "<group>"; };
		750A8DA9293500AB005C7A8C /* lottie.json */ = {isa = PBXFileReference; fileEncoding = 4; lastKnownFileType = text.json; path = lottie.json; sourceTree = "<group>"; };
		750A8DAC29350FCC005C7A8C /* MainModels.swift */ = {isa = PBXFileReference; lastKnownFileType = sourcecode.swift; path = MainModels.swift; sourceTree = "<group>"; };
		750A8DAF29351995005C7A8C /* MainTableViewCell.swift */ = {isa = PBXFileReference; lastKnownFileType = sourcecode.swift; path = MainTableViewCell.swift; sourceTree = "<group>"; };
		7524BBDF293113D800006CE6 /* DisFircalamaHatirlaticisi.app */ = {isa = PBXFileReference; explicitFileType = wrapper.application; includeInIndex = 0; path = DisFircalamaHatirlaticisi.app; sourceTree = BUILT_PRODUCTS_DIR; };
		7524BBE2293113D800006CE6 /* AppDelegate.swift */ = {isa = PBXFileReference; lastKnownFileType = sourcecode.swift; path = AppDelegate.swift; sourceTree = "<group>"; };
		7524BBE4293113D800006CE6 /* SceneDelegate.swift */ = {isa = PBXFileReference; lastKnownFileType = sourcecode.swift; path = SceneDelegate.swift; sourceTree = "<group>"; };
		7524BBE9293113D800006CE6 /* Base */ = {isa = PBXFileReference; lastKnownFileType = file.storyboard; name = Base; path = Base.lproj/Main.storyboard; sourceTree = "<group>"; };
		7524BBEC293113D800006CE6 /* DisFircalamaHatirlaticisi.xcdatamodel */ = {isa = PBXFileReference; lastKnownFileType = wrapper.xcdatamodel; path = DisFircalamaHatirlaticisi.xcdatamodel; sourceTree = "<group>"; };
		7524BBEE293113D900006CE6 /* Assets.xcassets */ = {isa = PBXFileReference; lastKnownFileType = folder.assetcatalog; path = Assets.xcassets; sourceTree = "<group>"; };
		7524BBF1293113D900006CE6 /* Base */ = {isa = PBXFileReference; lastKnownFileType = file.storyboard; name = Base; path = Base.lproj/LaunchScreen.storyboard; sourceTree = "<group>"; };
		7524BBF3293113D900006CE6 /* Info.plist */ = {isa = PBXFileReference; lastKnownFileType = text.plist.xml; path = Info.plist; sourceTree = "<group>"; };
		7524BBFD29311BC000006CE6 /* GoogleService-Info.plist */ = {isa = PBXFileReference; fileEncoding = 4; lastKnownFileType = text.plist.xml; path = "GoogleService-Info.plist"; sourceTree = "<group>"; };
		7538F08929312E1C00EA5E4E /* OneSignalNotificationServiceExtension.appex */ = {isa = PBXFileReference; explicitFileType = "wrapper.app-extension"; includeInIndex = 0; path = OneSignalNotificationServiceExtension.appex; sourceTree = BUILT_PRODUCTS_DIR; };
		7538F08B29312E1C00EA5E4E /* NotificationService.swift */ = {isa = PBXFileReference; lastKnownFileType = sourcecode.swift; path = NotificationService.swift; sourceTree = "<group>"; };
		7538F08D29312E1C00EA5E4E /* Info.plist */ = {isa = PBXFileReference; lastKnownFileType = text.plist.xml; path = Info.plist; sourceTree = "<group>"; };
		7547576B2938D47D001F5C95 /* done.json */ = {isa = PBXFileReference; fileEncoding = 4; lastKnownFileType = text.json; path = done.json; sourceTree = "<group>"; };
		7547576E29390707001F5C95 /* Details.swift */ = {isa = PBXFileReference; lastKnownFileType = sourcecode.swift; path = Details.swift; sourceTree = "<group>"; };
		7547577229396608001F5C95 /* 4.json */ = {isa = PBXFileReference; fileEncoding = 4; lastKnownFileType = text.json; path = 4.json; sourceTree = "<group>"; };
		7547577329396608001F5C95 /* 7.json */ = {isa = PBXFileReference; fileEncoding = 4; lastKnownFileType = text.json; path = 7.json; sourceTree = "<group>"; };
		7547577429396608001F5C95 /* 2.json */ = {isa = PBXFileReference; fileEncoding = 4; lastKnownFileType = text.json; path = 2.json; sourceTree = "<group>"; };
		7547577529396608001F5C95 /* 3.json */ = {isa = PBXFileReference; fileEncoding = 4; lastKnownFileType = text.json; path = 3.json; sourceTree = "<group>"; };
		7547577629396608001F5C95 /* 6.json */ = {isa = PBXFileReference; fileEncoding = 4; lastKnownFileType = text.json; path = 6.json; sourceTree = "<group>"; };
		7547577729396608001F5C95 /* 9.json */ = {isa = PBXFileReference; fileEncoding = 4; lastKnownFileType = text.json; path = 9.json; sourceTree = "<group>"; };
		7547577829396608001F5C95 /* 5.json */ = {isa = PBXFileReference; fileEncoding = 4; lastKnownFileType = text.json; path = 5.json; sourceTree = "<group>"; };
		7547577929396608001F5C95 /* 8.json */ = {isa = PBXFileReference; fileEncoding = 4; lastKnownFileType = text.json; path = 8.json; sourceTree = "<group>"; };
		75498E1D294B89A20022E8E5 /* 32.json */ = {isa = PBXFileReference; fileEncoding = 4; lastKnownFileType = text.json; path = 32.json; sourceTree = "<group>"; };
		75498E1E294B89A30022E8E5 /* 30.json */ = {isa = PBXFileReference; fileEncoding = 4; lastKnownFileType = text.json; path = 30.json; sourceTree = "<group>"; };
		75498E1F294B89A30022E8E5 /* 34.json */ = {isa = PBXFileReference; fileEncoding = 4; lastKnownFileType = text.json; path = 34.json; sourceTree = "<group>"; };
		75498E20294B89A30022E8E5 /* 31.json */ = {isa = PBXFileReference; fileEncoding = 4; lastKnownFileType = text.json; path = 31.json; sourceTree = "<group>"; };
		75498E21294B89A30022E8E5 /* 33.json */ = {isa = PBXFileReference; fileEncoding = 4; lastKnownFileType = text.json; path = 33.json; sourceTree = "<group>"; };
		756E37AA2947D733009D2BED /* time.json */ = {isa = PBXFileReference; fileEncoding = 4; lastKnownFileType = text.json; path = time.json; sourceTree = "<group>"; };
		756E37AC2947D764009D2BED /* bomb.json */ = {isa = PBXFileReference; fileEncoding = 4; lastKnownFileType = text.json; path = bomb.json; sourceTree = "<group>"; };
		757F9F4A29449B0900330398 /* SignInViewController.swift */ = {isa = PBXFileReference; lastKnownFileType = sourcecode.swift; path = SignInViewController.swift; sourceTree = "<group>"; };
		757F9F4C2944A15500330398 /* sign.json */ = {isa = PBXFileReference; fileEncoding = 4; lastKnownFileType = text.json; path = sign.json; sourceTree = "<group>"; };
		7589EF1A29339428000B2B5A /* MainViewController.swift */ = {isa = PBXFileReference; lastKnownFileType = sourcecode.swift; path = MainViewController.swift; sourceTree = "<group>"; };
		759640152937EACD003C909B /* DetailViewController.swift */ = {isa = PBXFileReference; lastKnownFileType = sourcecode.swift; path = DetailViewController.swift; sourceTree = "<group>"; };
		7597FEB82945E43200375A5F /* ProfileViewController.swift */ = {isa = PBXFileReference; lastKnownFileType = sourcecode.swift; path = ProfileViewController.swift; sourceTree = "<group>"; };
		7598F894294CA5D300193C1A /* ses.mp3 */ = {isa = PBXFileReference; lastKnownFileType = audio.mp3; path = ses.mp3; sourceTree = "<group>"; };
		75A23AB529326BAB00D6A1D1 /* OnboardingModel.swift */ = {isa = PBXFileReference; lastKnownFileType = sourcecode.swift; path = OnboardingModel.swift; sourceTree = "<group>"; };
		75A23ABA29327D2C00D6A1D1 /* OnboardingCollectionViewCell.swift */ = {isa = PBXFileReference; lastKnownFileType = sourcecode.swift; path = OnboardingCollectionViewCell.swift; sourceTree = "<group>"; };
		75B65F1F2931311B00A9ED2E /* DisFircalamaHatirlaticisi.entitlements */ = {isa = PBXFileReference; lastKnownFileType = text.plist.entitlements; path = DisFircalamaHatirlaticisi.entitlements; sourceTree = "<group>"; };
		75BD2C362948E75800950B47 /* 11.json */ = {isa = PBXFileReference; fileEncoding = 4; lastKnownFileType = text.json; path = 11.json; sourceTree = "<group>"; };
		75BD2C372948E75800950B47 /* 14.json */ = {isa = PBXFileReference; fileEncoding = 4; lastKnownFileType = text.json; path = 14.json; sourceTree = "<group>"; };
		75BD2C382948E75800950B47 /* 19.json */ = {isa = PBXFileReference; fileEncoding = 4; lastKnownFileType = text.json; path = 19.json; sourceTree = "<group>"; };
		75BD2C392948E75800950B47 /* 16.json */ = {isa = PBXFileReference; fileEncoding = 4; lastKnownFileType = text.json; path = 16.json; sourceTree = "<group>"; };
		75BD2C3A2948E75800950B47 /* 12.json */ = {isa = PBXFileReference; fileEncoding = 4; lastKnownFileType = text.json; path = 12.json; sourceTree = "<group>"; };
		75BD2C3C2948E75800950B47 /* 21.json */ = {isa = PBXFileReference; fileEncoding = 4; lastKnownFileType = text.json; path = 21.json; sourceTree = "<group>"; };
		75BD2C3D2948E75800950B47 /* 10.json */ = {isa = PBXFileReference; fileEncoding = 4; lastKnownFileType = text.json; path = 10.json; sourceTree = "<group>"; };
		75BD2C3E2948E75900950B47 /* 17.json */ = {isa = PBXFileReference; fileEncoding = 4; lastKnownFileType = text.json; path = 17.json; sourceTree = "<group>"; };
		75BD2C3F2948E75900950B47 /* 25.json */ = {isa = PBXFileReference; fileEncoding = 4; lastKnownFileType = text.json; path = 25.json; sourceTree = "<group>"; };
		75BD2C402948E75900950B47 /* 18.json */ = {isa = PBXFileReference; fileEncoding = 4; lastKnownFileType = text.json; path = 18.json; sourceTree = "<group>"; };
		75BD2C412948E75900950B47 /* 20.json */ = {isa = PBXFileReference; fileEncoding = 4; lastKnownFileType = text.json; path = 20.json; sourceTree = "<group>"; };
		75BD2C422948E75900950B47 /* 22.json */ = {isa = PBXFileReference; fileEncoding = 4; lastKnownFileType = text.json; path = 22.json; sourceTree = "<group>"; };
		75BD2C432948E75900950B47 /* 13.json */ = {isa = PBXFileReference; fileEncoding = 4; lastKnownFileType = text.json; path = 13.json; sourceTree = "<group>"; };
		75BD2C442948E75900950B47 /* 23.json */ = {isa = PBXFileReference; fileEncoding = 4; lastKnownFileType = text.json; path = 23.json; sourceTree = "<group>"; };
		75BD2C452948E75900950B47 /* 24.json */ = {isa = PBXFileReference; fileEncoding = 4; lastKnownFileType = text.json; path = 24.json; sourceTree = "<group>"; };
		75BD2C462948E75900950B47 /* 15.json */ = {isa = PBXFileReference; fileEncoding = 4; lastKnownFileType = text.json; path = 15.json; sourceTree = "<group>"; };
		75BD2C582948F2D400950B47 /* 28.json */ = {isa = PBXFileReference; fileEncoding = 4; lastKnownFileType = text.json; path = 28.json; sourceTree = "<group>"; };
		75BD2C592948F2D400950B47 /* 26.json */ = {isa = PBXFileReference; fileEncoding = 4; lastKnownFileType = text.json; path = 26.json; sourceTree = "<group>"; };
		75BD2C5B2948F2D400950B47 /* 29.json */ = {isa = PBXFileReference; fileEncoding = 4; lastKnownFileType = text.json; path = 29.json; sourceTree = "<group>"; };
		75BD2C5C2948F2D500950B47 /* 27.json */ = {isa = PBXFileReference; fileEncoding = 4; lastKnownFileType = text.json; path = 27.json; sourceTree = "<group>"; };
		75D99FAE29324D8F00CDDAE9 /* OnboardingViewController.swift */ = {isa = PBXFileReference; lastKnownFileType = sourcecode.swift; path = OnboardingViewController.swift; sourceTree = "<group>"; };
		75D99FB1293268D500CDDAE9 /* UIViewExtension.swift */ = {isa = PBXFileReference; lastKnownFileType = sourcecode.swift; path = UIViewExtension.swift; sourceTree = "<group>"; };
		75DF91C1294370BA0020240C /* stars.json */ = {isa = PBXFileReference; fileEncoding = 4; lastKnownFileType = text.json; path = stars.json; sourceTree = "<group>"; };
		75DF91C3294372910020240C /* login.json */ = {isa = PBXFileReference; fileEncoding = 4; lastKnownFileType = text.json; path = login.json; sourceTree = "<group>"; };
		75E3A2EE29363BD400865166 /* tooth1.json */ = {isa = PBXFileReference; fileEncoding = 4; lastKnownFileType = text.json; path = tooth1.json; sourceTree = "<group>"; };
		89DE15AAB791E07615825AB6 /* Pods-DisFircalamaHatirlaticisi.debug.xcconfig */ = {isa = PBXFileReference; includeInIndex = 1; lastKnownFileType = text.xcconfig; name = "Pods-DisFircalamaHatirlaticisi.debug.xcconfig"; path = "Target Support Files/Pods-DisFircalamaHatirlaticisi/Pods-DisFircalamaHatirlaticisi.debug.xcconfig"; sourceTree = "<group>"; };
		A06BBC25725C72B453462BBF /* Pods-DisFircalamaHatirlaticisi.release.xcconfig */ = {isa = PBXFileReference; includeInIndex = 1; lastKnownFileType = text.xcconfig; name = "Pods-DisFircalamaHatirlaticisi.release.xcconfig"; path = "Target Support Files/Pods-DisFircalamaHatirlaticisi/Pods-DisFircalamaHatirlaticisi.release.xcconfig"; sourceTree = "<group>"; };
		F45F4E3BEB20BC1E7DD6A7A4 /* Pods_OneSignalNotificationServiceExtension.framework */ = {isa = PBXFileReference; explicitFileType = wrapper.framework; includeInIndex = 0; path = Pods_OneSignalNotificationServiceExtension.framework; sourceTree = BUILT_PRODUCTS_DIR; };
/* End PBXFileReference section */

/* Begin PBXFrameworksBuildPhase section */
		7524BBDC293113D800006CE6 /* Frameworks */ = {
			isa = PBXFrameworksBuildPhase;
			buildActionMask = 2147483647;
			files = (
				9316E3ED0C16AF746B5D9D11 /* Pods_DisFircalamaHatirlaticisi.framework in Frameworks */,
			);
			runOnlyForDeploymentPostprocessing = 0;
		};
		7538F08629312E1C00EA5E4E /* Frameworks */ = {
			isa = PBXFrameworksBuildPhase;
			buildActionMask = 2147483647;
			files = (
				4ED37765F2C35A32B1F9C797 /* Pods_OneSignalNotificationServiceExtension.framework in Frameworks */,
			);
			runOnlyForDeploymentPostprocessing = 0;
		};
/* End PBXFrameworksBuildPhase section */

/* Begin PBXGroup section */
		4448C4B1298534F5545AEDA6 /* Frameworks */ = {
			isa = PBXGroup;
			children = (
				6083290510E55A5A48DD97EB /* Pods_DisFircalamaHatirlaticisi.framework */,
				F45F4E3BEB20BC1E7DD6A7A4 /* Pods_OneSignalNotificationServiceExtension.framework */,
			);
			name = Frameworks;
			sourceTree = "<group>";
		};
		75012469294367D5006173E2 /* Login */ = {
			isa = PBXGroup;
			children = (
				7501246A294367E6006173E2 /* LoginViewController.swift */,
			);
			path = Login;
			sourceTree = "<group>";
		};
		750A8DA829350096005C7A8C /* LottieJson */ = {
			isa = PBXGroup;
			children = (
				75BD2C592948F2D400950B47 /* 26.json */,
				75BD2C5C2948F2D500950B47 /* 27.json */,
				75BD2C582948F2D400950B47 /* 28.json */,
				75BD2C5B2948F2D400950B47 /* 29.json */,
				75498E1E294B89A30022E8E5 /* 30.json */,
				75498E20294B89A30022E8E5 /* 31.json */,
				75498E1D294B89A20022E8E5 /* 32.json */,
				75498E21294B89A30022E8E5 /* 33.json */,
				75498E1F294B89A30022E8E5 /* 34.json */,
				75BD2C3D2948E75800950B47 /* 10.json */,
				75BD2C362948E75800950B47 /* 11.json */,
				75BD2C3A2948E75800950B47 /* 12.json */,
				75BD2C432948E75900950B47 /* 13.json */,
				75BD2C372948E75800950B47 /* 14.json */,
				75BD2C462948E75900950B47 /* 15.json */,
				75BD2C392948E75800950B47 /* 16.json */,
				75BD2C3E2948E75900950B47 /* 17.json */,
				75BD2C402948E75900950B47 /* 18.json */,
				75BD2C382948E75800950B47 /* 19.json */,
				75BD2C412948E75900950B47 /* 20.json */,
				75BD2C3C2948E75800950B47 /* 21.json */,
				75BD2C422948E75900950B47 /* 22.json */,
				75BD2C442948E75900950B47 /* 23.json */,
				75BD2C452948E75900950B47 /* 24.json */,
				75BD2C3F2948E75900950B47 /* 25.json */,
				756E37AC2947D764009D2BED /* bomb.json */,
				756E37AA2947D733009D2BED /* time.json */,
				757F9F4C2944A15500330398 /* sign.json */,
				75DF91C3294372910020240C /* login.json */,
				75DF91C1294370BA0020240C /* stars.json */,
				7547577429396608001F5C95 /* 2.json */,
				7547577529396608001F5C95 /* 3.json */,
				7547577229396608001F5C95 /* 4.json */,
				7547577829396608001F5C95 /* 5.json */,
				7547577629396608001F5C95 /* 6.json */,
				7547577329396608001F5C95 /* 7.json */,
				7547577929396608001F5C95 /* 8.json */,
				7547577729396608001F5C95 /* 9.json */,
				7547576B2938D47D001F5C95 /* done.json */,
				75E3A2EE29363BD400865166 /* tooth1.json */,
				750A8DA9293500AB005C7A8C /* lottie.json */,
			);
			path = LottieJson;
			sourceTree = "<group>";
		};
		750A8DAB29350FA7005C7A8C /* MainModels */ = {
			isa = PBXGroup;
			children = (
				750A8DAC29350FCC005C7A8C /* MainModels.swift */,
			);
			path = MainModels;
			sourceTree = "<group>";
		};
		750A8DAE293518BA005C7A8C /* MainCell */ = {
			isa = PBXGroup;
			children = (
				750A8DAF29351995005C7A8C /* MainTableViewCell.swift */,
			);
			path = MainCell;
			sourceTree = "<group>";
		};
		7524BBD6293113D800006CE6 = {
			isa = PBXGroup;
			children = (
				7524BBE1293113D800006CE6 /* DisFircalamaHatirlaticisi */,
				7538F08A29312E1C00EA5E4E /* OneSignalNotificationServiceExtension */,
				7524BBE0293113D800006CE6 /* Products */,
				D09FC87D3D36C221E5E6523F /* Pods */,
				4448C4B1298534F5545AEDA6 /* Frameworks */,
			);
			sourceTree = "<group>";
		};
		7524BBE0293113D800006CE6 /* Products */ = {
			isa = PBXGroup;
			children = (
				7524BBDF293113D800006CE6 /* DisFircalamaHatirlaticisi.app */,
				7538F08929312E1C00EA5E4E /* OneSignalNotificationServiceExtension.appex */,
			);
			name = Products;
			sourceTree = "<group>";
		};
		7524BBE1293113D800006CE6 /* DisFircalamaHatirlaticisi */ = {
			isa = PBXGroup;
			children = (
				75D99FB0293268A500CDDAE9 /* Extensions */,
				7524BBF9293117CC00006CE6 /* Base */,
				7524BBFA2931197000006CE6 /* Models */,
				7524BBFB2931198200006CE6 /* View */,
				7524BBFC2931198B00006CE6 /* Controllers */,
				7524BBE2293113D800006CE6 /* AppDelegate.swift */,
				7524BBE4293113D800006CE6 /* SceneDelegate.swift */,
				7524BBF3293113D900006CE6 /* Info.plist */,
				7524BBFD29311BC000006CE6 /* GoogleService-Info.plist */,
				75B65F1F2931311B00A9ED2E /* DisFircalamaHatirlaticisi.entitlements */,
			);
			path = DisFircalamaHatirlaticisi;
			sourceTree = "<group>";
		};
		7524BBF9293117CC00006CE6 /* Base */ = {
			isa = PBXGroup;
			children = (
				7524BBEB293113D800006CE6 /* DisFircalamaHatirlaticisi.xcdatamodeld */,
				7524BBE8293113D800006CE6 /* Main.storyboard */,
				7524BBEE293113D900006CE6 /* Assets.xcassets */,
				7524BBF0293113D900006CE6 /* LaunchScreen.storyboard */,
			);
			path = Base;
			sourceTree = "<group>";
		};
		7524BBFA2931197000006CE6 /* Models */ = {
			isa = PBXGroup;
			children = (
				7547576D293906EF001F5C95 /* Details */,
				750A8DAB29350FA7005C7A8C /* MainModels */,
				75A23AB429326B8400D6A1D1 /* OnboardingModels */,
			);
			path = Models;
			sourceTree = "<group>";
		};
		7524BBFB2931198200006CE6 /* View */ = {
			isa = PBXGroup;
			children = (
				750A8DAE293518BA005C7A8C /* MainCell */,
				75A23AB929327BDB00D6A1D1 /* Onboarding */,
			);
			path = View;
			sourceTree = "<group>";
		};
		7524BBFC2931198B00006CE6 /* Controllers */ = {
			isa = PBXGroup;
			children = (
				7597FEB72945E40F00375A5F /* Profile */,
				757F9F4929449AEF00330398 /* SignIn */,
				75012469294367D5006173E2 /* Login */,
				759640142937EAA0003C909B /* Detail */,
				7589EF192933940C000B2B5A /* Main */,
				75D99FAD2932447000CDDAE9 /* Onboarding */,
			);
			path = Controllers;
			sourceTree = "<group>";
		};
		7538F08A29312E1C00EA5E4E /* OneSignalNotificationServiceExtension */ = {
			isa = PBXGroup;
			children = (
				7538F08B29312E1C00EA5E4E /* NotificationService.swift */,
				7538F08D29312E1C00EA5E4E /* Info.plist */,
			);
			path = OneSignalNotificationServiceExtension;
			sourceTree = "<group>";
		};
		7547576D293906EF001F5C95 /* Details */ = {
			isa = PBXGroup;
			children = (
				7547576E29390707001F5C95 /* Details.swift */,
			);
			path = Details;
			sourceTree = "<group>";
		};
		757F9F4929449AEF00330398 /* SignIn */ = {
			isa = PBXGroup;
			children = (
				757F9F4A29449B0900330398 /* SignInViewController.swift */,
			);
			path = SignIn;
			sourceTree = "<group>";
		};
		7589EF192933940C000B2B5A /* Main */ = {
			isa = PBXGroup;
			children = (
				7589EF1A29339428000B2B5A /* MainViewController.swift */,
			);
			path = Main;
			sourceTree = "<group>";
		};
		759640142937EAA0003C909B /* Detail */ = {
			isa = PBXGroup;
			children = (
				759640152937EACD003C909B /* DetailViewController.swift */,
			);
			path = Detail;
			sourceTree = "<group>";
		};
		7597FEB72945E40F00375A5F /* Profile */ = {
			isa = PBXGroup;
			children = (
				7597FEB82945E43200375A5F /* ProfileViewController.swift */,
			);
			path = Profile;
			sourceTree = "<group>";
		};
		75A23AB429326B8400D6A1D1 /* OnboardingModels */ = {
			isa = PBXGroup;
			children = (
				75A23AB529326BAB00D6A1D1 /* OnboardingModel.swift */,
			);
			path = OnboardingModels;
			sourceTree = "<group>";
		};
		75A23AB929327BDB00D6A1D1 /* Onboarding */ = {
			isa = PBXGroup;
			children = (
				75A23ABA29327D2C00D6A1D1 /* OnboardingCollectionViewCell.swift */,
			);
			path = Onboarding;
			sourceTree = "<group>";
		};
		75D99FAD2932447000CDDAE9 /* Onboarding */ = {
			isa = PBXGroup;
			children = (
				75D99FAE29324D8F00CDDAE9 /* OnboardingViewController.swift */,
			);
			path = Onboarding;
			sourceTree = "<group>";
		};
		75D99FB0293268A500CDDAE9 /* Extensions */ = {
			isa = PBXGroup;
			children = (
				7598F894294CA5D300193C1A /* ses.mp3 */,
				750A8DA829350096005C7A8C /* LottieJson */,
				75D99FB1293268D500CDDAE9 /* UIViewExtension.swift */,
			);
			path = Extensions;
			sourceTree = "<group>";
		};
		D09FC87D3D36C221E5E6523F /* Pods */ = {
			isa = PBXGroup;
			children = (
				89DE15AAB791E07615825AB6 /* Pods-DisFircalamaHatirlaticisi.debug.xcconfig */,
				A06BBC25725C72B453462BBF /* Pods-DisFircalamaHatirlaticisi.release.xcconfig */,
				4049617841542EF1D6522093 /* Pods-OneSignalNotificationServiceExtension.debug.xcconfig */,
				58ECDF0420B79B8532D871CF /* Pods-OneSignalNotificationServiceExtension.release.xcconfig */,
			);
			path = Pods;
			sourceTree = "<group>";
		};
/* End PBXGroup section */

/* Begin PBXNativeTarget section */
		7524BBDE293113D800006CE6 /* DisFircalamaHatirlaticisi */ = {
			isa = PBXNativeTarget;
			buildConfigurationList = 7524BBF6293113D900006CE6 /* Build configuration list for PBXNativeTarget "DisFircalamaHatirlaticisi" */;
			buildPhases = (
				6C9BE234438FEE3D9AFF8923 /* [CP] Check Pods Manifest.lock */,
				7524BBDB293113D800006CE6 /* Sources */,
				7524BBDC293113D800006CE6 /* Frameworks */,
				7524BBDD293113D800006CE6 /* Resources */,
				38A119CE51589EDE53FF95EE /* [CP] Embed Pods Frameworks */,
				7538F09129312E1C00EA5E4E /* Embed Foundation Extensions */,
			);
			buildRules = (
			);
			dependencies = (
				7538F08F29312E1C00EA5E4E /* PBXTargetDependency */,
			);
			name = DisFircalamaHatirlaticisi;
			productName = DisFircalamaHatirlaticisi;
			productReference = 7524BBDF293113D800006CE6 /* DisFircalamaHatirlaticisi.app */;
			productType = "com.apple.product-type.application";
		};
		7538F08829312E1C00EA5E4E /* OneSignalNotificationServiceExtension */ = {
			isa = PBXNativeTarget;
			buildConfigurationList = 7538F09429312E1C00EA5E4E /* Build configuration list for PBXNativeTarget "OneSignalNotificationServiceExtension" */;
			buildPhases = (
				6FAC31E93D40A96DA6B42910 /* [CP] Check Pods Manifest.lock */,
				7538F08529312E1C00EA5E4E /* Sources */,
				7538F08629312E1C00EA5E4E /* Frameworks */,
				7538F08729312E1C00EA5E4E /* Resources */,
			);
			buildRules = (
			);
			dependencies = (
			);
			name = OneSignalNotificationServiceExtension;
			productName = OneSignalNotificationServiceExtension;
			productReference = 7538F08929312E1C00EA5E4E /* OneSignalNotificationServiceExtension.appex */;
			productType = "com.apple.product-type.app-extension";
		};
/* End PBXNativeTarget section */

/* Begin PBXProject section */
		7524BBD7293113D800006CE6 /* Project object */ = {
			isa = PBXProject;
			attributes = {
				BuildIndependentTargetsInParallel = 1;
				LastSwiftUpdateCheck = 1400;
				LastUpgradeCheck = 1400;
				TargetAttributes = {
					7524BBDE293113D800006CE6 = {
						CreatedOnToolsVersion = 14.0.1;
					};
					7538F08829312E1C00EA5E4E = {
						CreatedOnToolsVersion = 14.0.1;
					};
				};
			};
			buildConfigurationList = 7524BBDA293113D800006CE6 /* Build configuration list for PBXProject "DisFircalamaHatirlaticisi" */;
			compatibilityVersion = "Xcode 14.0";
			developmentRegion = en;
			hasScannedForEncodings = 0;
			knownRegions = (
				en,
				Base,
			);
			mainGroup = 7524BBD6293113D800006CE6;
			productRefGroup = 7524BBE0293113D800006CE6 /* Products */;
			projectDirPath = "";
			projectRoot = "";
			targets = (
				7524BBDE293113D800006CE6 /* DisFircalamaHatirlaticisi */,
				7538F08829312E1C00EA5E4E /* OneSignalNotificationServiceExtension */,
			);
		};
/* End PBXProject section */

/* Begin PBXResourcesBuildPhase section */
		7524BBDD293113D800006CE6 /* Resources */ = {
			isa = PBXResourcesBuildPhase;
			buildActionMask = 2147483647;
			files = (
				7598F895294CA5D300193C1A /* ses.mp3 in Resources */,
				75498E23294B89A30022E8E5 /* 30.json in Resources */,
				75BD2C4A2948E75900950B47 /* 16.json in Resources */,
				75BD2C602948F2D500950B47 /* 29.json in Resources */,
				7547577F29396608001F5C95 /* 9.json in Resources */,
				7547578029396608001F5C95 /* 5.json in Resources */,
				7547577E29396608001F5C95 /* 6.json in Resources */,
				757F9F4D2944A15500330398 /* sign.json in Resources */,
				75BD2C522948E75900950B47 /* 20.json in Resources */,
				75BD2C472948E75900950B47 /* 11.json in Resources */,
				75BD2C492948E75900950B47 /* 19.json in Resources */,
				75BD2C5E2948F2D500950B47 /* 26.json in Resources */,
				7547577C29396608001F5C95 /* 2.json in Resources */,
				7524BBF2293113D900006CE6 /* LaunchScreen.storyboard in Resources */,
				75BD2C4E2948E75900950B47 /* 10.json in Resources */,
				7547578129396608001F5C95 /* 8.json in Resources */,
				75BD2C552948E75900950B47 /* 23.json in Resources */,
				75BD2C532948E75900950B47 /* 22.json in Resources */,
				75498E24294B89A30022E8E5 /* 34.json in Resources */,
				75BD2C612948F2D500950B47 /* 27.json in Resources */,
				75DF91C2294370BA0020240C /* stars.json in Resources */,
				7547577D29396608001F5C95 /* 3.json in Resources */,
				75BD2C4F2948E75900950B47 /* 17.json in Resources */,
				75BD2C4D2948E75900950B47 /* 21.json in Resources */,
				75BD2C5D2948F2D500950B47 /* 28.json in Resources */,
				75BD2C4B2948E75900950B47 /* 12.json in Resources */,
				7524BBEF293113D900006CE6 /* Assets.xcassets in Resources */,
				75DF91C4294372910020240C /* login.json in Resources */,
				75BD2C542948E75900950B47 /* 13.json in Resources */,
				75BD2C482948E75900950B47 /* 14.json in Resources */,
				75BD2C572948E75900950B47 /* 15.json in Resources */,
				7547577A29396608001F5C95 /* 4.json in Resources */,
				75498E22294B89A30022E8E5 /* 32.json in Resources */,
				750A8DAA293500AB005C7A8C /* lottie.json in Resources */,
				75BD2C562948E75900950B47 /* 24.json in Resources */,
				7547577B29396608001F5C95 /* 7.json in Resources */,
				7524BBFE29311BC000006CE6 /* GoogleService-Info.plist in Resources */,
				75BD2C502948E75900950B47 /* 25.json in Resources */,
				756E37AD2947D764009D2BED /* bomb.json in Resources */,
				75BD2C512948E75900950B47 /* 18.json in Resources */,
				7524BBEA293113D800006CE6 /* Main.storyboard in Resources */,
				75E3A2EF29363BD400865166 /* tooth1.json in Resources */,
				75498E25294B89A30022E8E5 /* 31.json in Resources */,
				756E37AB2947D733009D2BED /* time.json in Resources */,
				7547576C2938D47D001F5C95 /* done.json in Resources */,
				75498E26294B89A30022E8E5 /* 33.json in Resources */,
			);
			runOnlyForDeploymentPostprocessing = 0;
		};
		7538F08729312E1C00EA5E4E /* Resources */ = {
			isa = PBXResourcesBuildPhase;
			buildActionMask = 2147483647;
			files = (
			);
			runOnlyForDeploymentPostprocessing = 0;
		};
/* End PBXResourcesBuildPhase section */

/* Begin PBXShellScriptBuildPhase section */
		38A119CE51589EDE53FF95EE /* [CP] Embed Pods Frameworks */ = {
			isa = PBXShellScriptBuildPhase;
			buildActionMask = 2147483647;
			files = (
			);
			inputFileListPaths = (
				"${PODS_ROOT}/Target Support Files/Pods-DisFircalamaHatirlaticisi/Pods-DisFircalamaHatirlaticisi-frameworks-${CONFIGURATION}-input-files.xcfilelist",
			);
			name = "[CP] Embed Pods Frameworks";
			outputFileListPaths = (
				"${PODS_ROOT}/Target Support Files/Pods-DisFircalamaHatirlaticisi/Pods-DisFircalamaHatirlaticisi-frameworks-${CONFIGURATION}-output-files.xcfilelist",
			);
			runOnlyForDeploymentPostprocessing = 0;
			shellPath = /bin/sh;
			shellScript = "\"${PODS_ROOT}/Target Support Files/Pods-DisFircalamaHatirlaticisi/Pods-DisFircalamaHatirlaticisi-frameworks.sh\"\n";
			showEnvVarsInLog = 0;
		};
		6C9BE234438FEE3D9AFF8923 /* [CP] Check Pods Manifest.lock */ = {
			isa = PBXShellScriptBuildPhase;
			buildActionMask = 2147483647;
			files = (
			);
			inputFileListPaths = (
			);
			inputPaths = (
				"${PODS_PODFILE_DIR_PATH}/Podfile.lock",
				"${PODS_ROOT}/Manifest.lock",
			);
			name = "[CP] Check Pods Manifest.lock";
			outputFileListPaths = (
			);
			outputPaths = (
				"$(DERIVED_FILE_DIR)/Pods-DisFircalamaHatirlaticisi-checkManifestLockResult.txt",
			);
			runOnlyForDeploymentPostprocessing = 0;
			shellPath = /bin/sh;
			shellScript = "diff \"${PODS_PODFILE_DIR_PATH}/Podfile.lock\" \"${PODS_ROOT}/Manifest.lock\" > /dev/null\nif [ $? != 0 ] ; then\n    # print error to STDERR\n    echo \"error: The sandbox is not in sync with the Podfile.lock. Run 'pod install' or update your CocoaPods installation.\" >&2\n    exit 1\nfi\n# This output is used by Xcode 'outputs' to avoid re-running this script phase.\necho \"SUCCESS\" > \"${SCRIPT_OUTPUT_FILE_0}\"\n";
			showEnvVarsInLog = 0;
		};
		6FAC31E93D40A96DA6B42910 /* [CP] Check Pods Manifest.lock */ = {
			isa = PBXShellScriptBuildPhase;
			buildActionMask = 2147483647;
			files = (
			);
			inputFileListPaths = (
			);
			inputPaths = (
				"${PODS_PODFILE_DIR_PATH}/Podfile.lock",
				"${PODS_ROOT}/Manifest.lock",
			);
			name = "[CP] Check Pods Manifest.lock";
			outputFileListPaths = (
			);
			outputPaths = (
				"$(DERIVED_FILE_DIR)/Pods-OneSignalNotificationServiceExtension-checkManifestLockResult.txt",
			);
			runOnlyForDeploymentPostprocessing = 0;
			shellPath = /bin/sh;
			shellScript = "diff \"${PODS_PODFILE_DIR_PATH}/Podfile.lock\" \"${PODS_ROOT}/Manifest.lock\" > /dev/null\nif [ $? != 0 ] ; then\n    # print error to STDERR\n    echo \"error: The sandbox is not in sync with the Podfile.lock. Run 'pod install' or update your CocoaPods installation.\" >&2\n    exit 1\nfi\n# This output is used by Xcode 'outputs' to avoid re-running this script phase.\necho \"SUCCESS\" > \"${SCRIPT_OUTPUT_FILE_0}\"\n";
			showEnvVarsInLog = 0;
		};
/* End PBXShellScriptBuildPhase section */

/* Begin PBXSourcesBuildPhase section */
		7524BBDB293113D800006CE6 /* Sources */ = {
			isa = PBXSourcesBuildPhase;
			buildActionMask = 2147483647;
			files = (
				757F9F4B29449B0900330398 /* SignInViewController.swift in Sources */,
				759640162937EACD003C909B /* DetailViewController.swift in Sources */,
				75D99FB2293268D500CDDAE9 /* UIViewExtension.swift in Sources */,
				7547576F29390707001F5C95 /* Details.swift in Sources */,
				7524BBED293113D800006CE6 /* DisFircalamaHatirlaticisi.xcdatamodeld in Sources */,
				750A8DAD29350FCC005C7A8C /* MainModels.swift in Sources */,
				75A23AB629326BAB00D6A1D1 /* OnboardingModel.swift in Sources */,
				750A8DB029351995005C7A8C /* MainTableViewCell.swift in Sources */,
				7524BBE3293113D800006CE6 /* AppDelegate.swift in Sources */,
				7524BBE5293113D800006CE6 /* SceneDelegate.swift in Sources */,
				75A23ABC29327D5400D6A1D1 /* OnboardingCollectionViewCell.swift in Sources */,
				75D99FAF29324D8F00CDDAE9 /* OnboardingViewController.swift in Sources */,
				7597FEB92945E43200375A5F /* ProfileViewController.swift in Sources */,
				7501246B294367E6006173E2 /* LoginViewController.swift in Sources */,
				7589EF1B29339428000B2B5A /* MainViewController.swift in Sources */,
			);
			runOnlyForDeploymentPostprocessing = 0;
		};
		7538F08529312E1C00EA5E4E /* Sources */ = {
			isa = PBXSourcesBuildPhase;
			buildActionMask = 2147483647;
			files = (
				7538F08C29312E1C00EA5E4E /* NotificationService.swift in Sources */,
			);
			runOnlyForDeploymentPostprocessing = 0;
		};
/* End PBXSourcesBuildPhase section */

/* Begin PBXTargetDependency section */
		7538F08F29312E1C00EA5E4E /* PBXTargetDependency */ = {
			isa = PBXTargetDependency;
			target = 7538F08829312E1C00EA5E4E /* OneSignalNotificationServiceExtension */;
			targetProxy = 7538F08E29312E1C00EA5E4E /* PBXContainerItemProxy */;
		};
/* End PBXTargetDependency section */

/* Begin PBXVariantGroup section */
		7524BBE8293113D800006CE6 /* Main.storyboard */ = {
			isa = PBXVariantGroup;
			children = (
				7524BBE9293113D800006CE6 /* Base */,
			);
			name = Main.storyboard;
			sourceTree = "<group>";
		};
		7524BBF0293113D900006CE6 /* LaunchScreen.storyboard */ = {
			isa = PBXVariantGroup;
			children = (
				7524BBF1293113D900006CE6 /* Base */,
			);
			name = LaunchScreen.storyboard;
			sourceTree = "<group>";
		};
/* End PBXVariantGroup section */

/* Begin XCBuildConfiguration section */
		7524BBF4293113D900006CE6 /* Debug */ = {
			isa = XCBuildConfiguration;
			buildSettings = {
				ALWAYS_SEARCH_USER_PATHS = NO;
				CLANG_ANALYZER_NONNULL = YES;
				CLANG_ANALYZER_NUMBER_OBJECT_CONVERSION = YES_AGGRESSIVE;
				CLANG_CXX_LANGUAGE_STANDARD = "gnu++20";
				CLANG_ENABLE_MODULES = YES;
				CLANG_ENABLE_OBJC_ARC = YES;
				CLANG_ENABLE_OBJC_WEAK = YES;
				CLANG_WARN_BLOCK_CAPTURE_AUTORELEASING = YES;
				CLANG_WARN_BOOL_CONVERSION = YES;
				CLANG_WARN_COMMA = YES;
				CLANG_WARN_CONSTANT_CONVERSION = YES;
				CLANG_WARN_DEPRECATED_OBJC_IMPLEMENTATIONS = YES;
				CLANG_WARN_DIRECT_OBJC_ISA_USAGE = YES_ERROR;
				CLANG_WARN_DOCUMENTATION_COMMENTS = YES;
				CLANG_WARN_EMPTY_BODY = YES;
				CLANG_WARN_ENUM_CONVERSION = YES;
				CLANG_WARN_INFINITE_RECURSION = YES;
				CLANG_WARN_INT_CONVERSION = YES;
				CLANG_WARN_NON_LITERAL_NULL_CONVERSION = YES;
				CLANG_WARN_OBJC_IMPLICIT_RETAIN_SELF = YES;
				CLANG_WARN_OBJC_LITERAL_CONVERSION = YES;
				CLANG_WARN_OBJC_ROOT_CLASS = YES_ERROR;
				CLANG_WARN_QUOTED_INCLUDE_IN_FRAMEWORK_HEADER = YES;
				CLANG_WARN_RANGE_LOOP_ANALYSIS = YES;
				CLANG_WARN_STRICT_PROTOTYPES = YES;
				CLANG_WARN_SUSPICIOUS_MOVE = YES;
				CLANG_WARN_UNGUARDED_AVAILABILITY = YES_AGGRESSIVE;
				CLANG_WARN_UNREACHABLE_CODE = YES;
				CLANG_WARN__DUPLICATE_METHOD_MATCH = YES;
				COPY_PHASE_STRIP = NO;
				DEBUG_INFORMATION_FORMAT = dwarf;
				ENABLE_STRICT_OBJC_MSGSEND = YES;
				ENABLE_TESTABILITY = YES;
				GCC_C_LANGUAGE_STANDARD = gnu11;
				GCC_DYNAMIC_NO_PIC = NO;
				GCC_NO_COMMON_BLOCKS = YES;
				GCC_OPTIMIZATION_LEVEL = 0;
				GCC_PREPROCESSOR_DEFINITIONS = (
					"DEBUG=1",
					"$(inherited)",
				);
				GCC_WARN_64_TO_32_BIT_CONVERSION = YES;
				GCC_WARN_ABOUT_RETURN_TYPE = YES_ERROR;
				GCC_WARN_UNDECLARED_SELECTOR = YES;
				GCC_WARN_UNINITIALIZED_AUTOS = YES_AGGRESSIVE;
				GCC_WARN_UNUSED_FUNCTION = YES;
				GCC_WARN_UNUSED_VARIABLE = YES;
				IPHONEOS_DEPLOYMENT_TARGET = 13.0;
				MTL_ENABLE_DEBUG_INFO = INCLUDE_SOURCE;
				MTL_FAST_MATH = YES;
				ONLY_ACTIVE_ARCH = YES;
				SDKROOT = iphoneos;
				SWIFT_ACTIVE_COMPILATION_CONDITIONS = DEBUG;
				SWIFT_OPTIMIZATION_LEVEL = "-Onone";
			};
			name = Debug;
		};
		7524BBF5293113D900006CE6 /* Release */ = {
			isa = XCBuildConfiguration;
			buildSettings = {
				ALWAYS_SEARCH_USER_PATHS = NO;
				CLANG_ANALYZER_NONNULL = YES;
				CLANG_ANALYZER_NUMBER_OBJECT_CONVERSION = YES_AGGRESSIVE;
				CLANG_CXX_LANGUAGE_STANDARD = "gnu++20";
				CLANG_ENABLE_MODULES = YES;
				CLANG_ENABLE_OBJC_ARC = YES;
				CLANG_ENABLE_OBJC_WEAK = YES;
				CLANG_WARN_BLOCK_CAPTURE_AUTORELEASING = YES;
				CLANG_WARN_BOOL_CONVERSION = YES;
				CLANG_WARN_COMMA = YES;
				CLANG_WARN_CONSTANT_CONVERSION = YES;
				CLANG_WARN_DEPRECATED_OBJC_IMPLEMENTATIONS = YES;
				CLANG_WARN_DIRECT_OBJC_ISA_USAGE = YES_ERROR;
				CLANG_WARN_DOCUMENTATION_COMMENTS = YES;
				CLANG_WARN_EMPTY_BODY = YES;
				CLANG_WARN_ENUM_CONVERSION = YES;
				CLANG_WARN_INFINITE_RECURSION = YES;
				CLANG_WARN_INT_CONVERSION = YES;
				CLANG_WARN_NON_LITERAL_NULL_CONVERSION = YES;
				CLANG_WARN_OBJC_IMPLICIT_RETAIN_SELF = YES;
				CLANG_WARN_OBJC_LITERAL_CONVERSION = YES;
				CLANG_WARN_OBJC_ROOT_CLASS = YES_ERROR;
				CLANG_WARN_QUOTED_INCLUDE_IN_FRAMEWORK_HEADER = YES;
				CLANG_WARN_RANGE_LOOP_ANALYSIS = YES;
				CLANG_WARN_STRICT_PROTOTYPES = YES;
				CLANG_WARN_SUSPICIOUS_MOVE = YES;
				CLANG_WARN_UNGUARDED_AVAILABILITY = YES_AGGRESSIVE;
				CLANG_WARN_UNREACHABLE_CODE = YES;
				CLANG_WARN__DUPLICATE_METHOD_MATCH = YES;
				COPY_PHASE_STRIP = NO;
				DEBUG_INFORMATION_FORMAT = "dwarf-with-dsym";
				ENABLE_NS_ASSERTIONS = NO;
				ENABLE_STRICT_OBJC_MSGSEND = YES;
				GCC_C_LANGUAGE_STANDARD = gnu11;
				GCC_NO_COMMON_BLOCKS = YES;
				GCC_WARN_64_TO_32_BIT_CONVERSION = YES;
				GCC_WARN_ABOUT_RETURN_TYPE = YES_ERROR;
				GCC_WARN_UNDECLARED_SELECTOR = YES;
				GCC_WARN_UNINITIALIZED_AUTOS = YES_AGGRESSIVE;
				GCC_WARN_UNUSED_FUNCTION = YES;
				GCC_WARN_UNUSED_VARIABLE = YES;
				IPHONEOS_DEPLOYMENT_TARGET = 13.0;
				MTL_ENABLE_DEBUG_INFO = NO;
				MTL_FAST_MATH = YES;
				SDKROOT = iphoneos;
				SWIFT_COMPILATION_MODE = wholemodule;
				SWIFT_OPTIMIZATION_LEVEL = "-O";
				VALIDATE_PRODUCT = YES;
			};
			name = Release;
		};
		7524BBF7293113D900006CE6 /* Debug */ = {
			isa = XCBuildConfiguration;
			baseConfigurationReference = 89DE15AAB791E07615825AB6 /* Pods-DisFircalamaHatirlaticisi.debug.xcconfig */;
			buildSettings = {
				ALWAYS_EMBED_SWIFT_STANDARD_LIBRARIES = YES;
				ASSETCATALOG_COMPILER_APPICON_NAME = AppIcon;
				ASSETCATALOG_COMPILER_GLOBAL_ACCENT_COLOR_NAME = AccentColor;
				CODE_SIGN_ENTITLEMENTS = DisFircalamaHatirlaticisi/DisFircalamaHatirlaticisi.entitlements;
				CODE_SIGN_STYLE = Automatic;
				CURRENT_PROJECT_VERSION = 1;
				DEVELOPMENT_TEAM = J6M68LPML8;
				GENERATE_INFOPLIST_FILE = YES;
				INFOPLIST_FILE = DisFircalamaHatirlaticisi/Info.plist;
				INFOPLIST_KEY_LSApplicationCategoryType = "public.app-category.healthcare-fitness";
				INFOPLIST_KEY_UIApplicationSupportsIndirectInputEvents = YES;
				INFOPLIST_KEY_UILaunchStoryboardName = LaunchScreen;
				INFOPLIST_KEY_UIMainStoryboardFile = Main;
				INFOPLIST_KEY_UISupportedInterfaceOrientations = UIInterfaceOrientationPortrait;
				INFOPLIST_KEY_UISupportedInterfaceOrientations_iPad = "UIInterfaceOrientationLandscapeLeft UIInterfaceOrientationLandscapeRight UIInterfaceOrientationPortrait UIInterfaceOrientationPortraitUpsideDown";
				IPHONEOS_DEPLOYMENT_TARGET = 13.0;
				LD_RUNPATH_SEARCH_PATHS = (
					"$(inherited)",
					"@executable_path/Frameworks",
				);
				MARKETING_VERSION = 1.0;
				PRODUCT_BUNDLE_IDENTIFIER = com.mehmetsalihcakmak.DisFircalamaHatirlaticisi;
				PRODUCT_NAME = "$(TARGET_NAME)";
				SUPPORTED_PLATFORMS = "iphoneos iphonesimulator";
				SUPPORTS_MACCATALYST = NO;
				SUPPORTS_MAC_DESIGNED_FOR_IPHONE_IPAD = NO;
				SWIFT_EMIT_LOC_STRINGS = YES;
				SWIFT_VERSION = 5.0;
				TARGETED_DEVICE_FAMILY = 1;
			};
			name = Debug;
		};
		7524BBF8293113D900006CE6 /* Release */ = {
			isa = XCBuildConfiguration;
			baseConfigurationReference = A06BBC25725C72B453462BBF /* Pods-DisFircalamaHatirlaticisi.release.xcconfig */;
			buildSettings = {
				ALWAYS_EMBED_SWIFT_STANDARD_LIBRARIES = YES;
				ASSETCATALOG_COMPILER_APPICON_NAME = AppIcon;
				ASSETCATALOG_COMPILER_GLOBAL_ACCENT_COLOR_NAME = AccentColor;
				CODE_SIGN_ENTITLEMENTS = DisFircalamaHatirlaticisi/DisFircalamaHatirlaticisi.entitlements;
				CODE_SIGN_STYLE = Automatic;
				CURRENT_PROJECT_VERSION = 1;
				DEVELOPMENT_TEAM = J6M68LPML8;
				GENERATE_INFOPLIST_FILE = YES;
				INFOPLIST_FILE = DisFircalamaHatirlaticisi/Info.plist;
				INFOPLIST_KEY_LSApplicationCategoryType = "public.app-category.healthcare-fitness";
				INFOPLIST_KEY_UIApplicationSupportsIndirectInputEvents = YES;
				INFOPLIST_KEY_UILaunchStoryboardName = LaunchScreen;
				INFOPLIST_KEY_UIMainStoryboardFile = Main;
				INFOPLIST_KEY_UISupportedInterfaceOrientations = UIInterfaceOrientationPortrait;
				INFOPLIST_KEY_UISupportedInterfaceOrientations_iPad = "UIInterfaceOrientationLandscapeLeft UIInterfaceOrientationLandscapeRight UIInterfaceOrientationPortrait UIInterfaceOrientationPortraitUpsideDown";
				IPHONEOS_DEPLOYMENT_TARGET = 13.0;
				LD_RUNPATH_SEARCH_PATHS = (
					"$(inherited)",
					"@executable_path/Frameworks",
				);
				MARKETING_VERSION = 1.0;
				PRODUCT_BUNDLE_IDENTIFIER = com.mehmetsalihcakmak.DisFircalamaHatirlaticisi;
				PRODUCT_NAME = "$(TARGET_NAME)";
				SUPPORTED_PLATFORMS = "iphoneos iphonesimulator";
				SUPPORTS_MACCATALYST = NO;
				SUPPORTS_MAC_DESIGNED_FOR_IPHONE_IPAD = NO;
				SWIFT_EMIT_LOC_STRINGS = YES;
				SWIFT_VERSION = 5.0;
				TARGETED_DEVICE_FAMILY = 1;
			};
			name = Release;
		};
		7538F09229312E1C00EA5E4E /* Debug */ = {
			isa = XCBuildConfiguration;
			baseConfigurationReference = 4049617841542EF1D6522093 /* Pods-OneSignalNotificationServiceExtension.debug.xcconfig */;
			buildSettings = {
				CODE_SIGN_STYLE = Automatic;
				CURRENT_PROJECT_VERSION = 1;
				DEVELOPMENT_TEAM = J6M68LPML8;
				GENERATE_INFOPLIST_FILE = YES;
				INFOPLIST_FILE = OneSignalNotificationServiceExtension/Info.plist;
				INFOPLIST_KEY_CFBundleDisplayName = OneSignalNotificationServiceExtension;
				INFOPLIST_KEY_NSHumanReadableCopyright = "";
				IPHONEOS_DEPLOYMENT_TARGET = 16.0;
				LD_RUNPATH_SEARCH_PATHS = (
					"$(inherited)",
					"@executable_path/Frameworks",
					"@executable_path/../../Frameworks",
				);
				MARKETING_VERSION = 1.0;
				PRODUCT_BUNDLE_IDENTIFIER = com.mehmetsalihcakmak.DisFircalamaHatirlaticisi.OneSignalNotificationServiceExtension;
				PRODUCT_NAME = "$(TARGET_NAME)";
				SKIP_INSTALL = YES;
				SWIFT_EMIT_LOC_STRINGS = YES;
				SWIFT_VERSION = 5.0;
				TARGETED_DEVICE_FAMILY = "1,2";
			};
			name = Debug;
		};
		7538F09329312E1C00EA5E4E /* Release */ = {
			isa = XCBuildConfiguration;
			baseConfigurationReference = 58ECDF0420B79B8532D871CF /* Pods-OneSignalNotificationServiceExtension.release.xcconfig */;
			buildSettings = {
				CODE_SIGN_STYLE = Automatic;
				CURRENT_PROJECT_VERSION = 1;
				DEVELOPMENT_TEAM = J6M68LPML8;
				GENERATE_INFOPLIST_FILE = YES;
				INFOPLIST_FILE = OneSignalNotificationServiceExtension/Info.plist;
				INFOPLIST_KEY_CFBundleDisplayName = OneSignalNotificationServiceExtension;
				INFOPLIST_KEY_NSHumanReadableCopyright = "";
				IPHONEOS_DEPLOYMENT_TARGET = 16.0;
				LD_RUNPATH_SEARCH_PATHS = (
					"$(inherited)",
					"@executable_path/Frameworks",
					"@executable_path/../../Frameworks",
				);
				MARKETING_VERSION = 1.0;
				PRODUCT_BUNDLE_IDENTIFIER = com.mehmetsalihcakmak.DisFircalamaHatirlaticisi.OneSignalNotificationServiceExtension;
				PRODUCT_NAME = "$(TARGET_NAME)";
				SKIP_INSTALL = YES;
				SWIFT_EMIT_LOC_STRINGS = YES;
				SWIFT_VERSION = 5.0;
				TARGETED_DEVICE_FAMILY = "1,2";
			};
			name = Release;
		};
/* End XCBuildConfiguration section */

/* Begin XCConfigurationList section */
		7524BBDA293113D800006CE6 /* Build configuration list for PBXProject "DisFircalamaHatirlaticisi" */ = {
			isa = XCConfigurationList;
			buildConfigurations = (
				7524BBF4293113D900006CE6 /* Debug */,
				7524BBF5293113D900006CE6 /* Release */,
			);
			defaultConfigurationIsVisible = 0;
			defaultConfigurationName = Release;
		};
		7524BBF6293113D900006CE6 /* Build configuration list for PBXNativeTarget "DisFircalamaHatirlaticisi" */ = {
			isa = XCConfigurationList;
			buildConfigurations = (
				7524BBF7293113D900006CE6 /* Debug */,
				7524BBF8293113D900006CE6 /* Release */,
			);
			defaultConfigurationIsVisible = 0;
			defaultConfigurationName = Release;
		};
		7538F09429312E1C00EA5E4E /* Build configuration list for PBXNativeTarget "OneSignalNotificationServiceExtension" */ = {
			isa = XCConfigurationList;
			buildConfigurations = (
				7538F09229312E1C00EA5E4E /* Debug */,
				7538F09329312E1C00EA5E4E /* Release */,
			);
			defaultConfigurationIsVisible = 0;
			defaultConfigurationName = Release;
		};
/* End XCConfigurationList section */

/* Begin XCVersionGroup section */
		7524BBEB293113D800006CE6 /* DisFircalamaHatirlaticisi.xcdatamodeld */ = {
			isa = XCVersionGroup;
			children = (
				7524BBEC293113D800006CE6 /* DisFircalamaHatirlaticisi.xcdatamodel */,
			);
			currentVersion = 7524BBEC293113D800006CE6 /* DisFircalamaHatirlaticisi.xcdatamodel */;
			path = DisFircalamaHatirlaticisi.xcdatamodeld;
			sourceTree = "<group>";
			versionGroupType = wrapper.xcdatamodel;
		};
/* End XCVersionGroup section */
	};
	rootObject = 7524BBD7293113D800006CE6 /* Project object */;
}
